
Microsoft Visual Studio Solution File, Format Version 12.00
# Visual Studio 15
VisualStudioVersion = 15.0.26228.4
MinimumVisualStudioVersion = 10.0.40219.1
Project("{9A19103F-16F7-4668-BE54-9A1E7A4F7556}") = "AuthServer.Host", "AuthServer.Host\AuthServer.Host.csproj", "{6CC37680-45D5-4455-B4D4-598922F949C3}"
EndProject
#Project("{E53339B2-1760-4266-BCC7-CA923CBCF16C}") = "docker-compose", "docker-compose.dcproj", "{97F11EFD-67C3-4CF1-A6A9-09D46115B1F7}"
#EndProject
Project("{9A19103F-16F7-4668-BE54-9A1E7A4F7556}") = "AuthServer.Tests", "AuthServer.Tests\AuthServer.Tests.csproj", "{0810AD92-47F6-4647-8713-FBE274F891B4}"
EndProject
Project("{FAE04EC0-301F-11D3-BF4B-00C04F79EFBC}") = "AuthServer.Repositories", "AuthServer.Repositories\AuthServer.Repositories.csproj", "{3B989313-E36F-4A0D-B51B-D13427E99B84}"
EndProject
Project("{FAE04EC0-301F-11D3-BF4B-00C04F79EFBC}") = "AuthServer.Services", "AuthServer.Services\AuthServer.Services.csproj", "{D41E8334-721B-4F1B-B120-09C8C6599644}"
EndProject
Global
	GlobalSection(SolutionConfigurationPlatforms) = preSolution
		Debug|Any CPU = Debug|Any CPU
		Release|Any CPU = Release|Any CPU
	EndGlobalSection
	GlobalSection(ProjectConfigurationPlatforms) = postSolution
		{6CC37680-45D5-4455-B4D4-598922F949C3}.Debug|Any CPU.ActiveCfg = Debug|Any CPU
		{6CC37680-45D5-4455-B4D4-598922F949C3}.Debug|Any CPU.Build.0 = Debug|Any CPU
		{6CC37680-45D5-4455-B4D4-598922F949C3}.Release|Any CPU.ActiveCfg = Release|Any CPU
		{6CC37680-45D5-4455-B4D4-598922F949C3}.Release|Any CPU.Build.0 = Release|Any CPU
		{97F11EFD-67C3-4CF1-A6A9-09D46115B1F7}.Debug|Any CPU.ActiveCfg = Debug|Any CPU
		{97F11EFD-67C3-4CF1-A6A9-09D46115B1F7}.Debug|Any CPU.Build.0 = Debug|Any CPU
		{97F11EFD-67C3-4CF1-A6A9-09D46115B1F7}.Release|Any CPU.ActiveCfg = Release|Any CPU
		{97F11EFD-67C3-4CF1-A6A9-09D46115B1F7}.Release|Any CPU.Build.0 = Release|Any CPU
		{0810AD92-47F6-4647-8713-FBE274F891B4}.Debug|Any CPU.ActiveCfg = Debug|Any CPU
		{0810AD92-47F6-4647-8713-FBE274F891B4}.Debug|Any CPU.Build.0 = Debug|Any CPU
		{0810AD92-47F6-4647-8713-FBE274F891B4}.Release|Any CPU.ActiveCfg = Release|Any CPU
		{0810AD92-47F6-4647-8713-FBE274F891B4}.Release|Any CPU.Build.0 = Release|Any CPU
		{3B989313-E36F-4A0D-B51B-D13427E99B84}.Debug|Any CPU.ActiveCfg = Debug|Any CPU
		{3B989313-E36F-4A0D-B51B-D13427E99B84}.Debug|Any CPU.Build.0 = Debug|Any CPU
		{3B989313-E36F-4A0D-B51B-D13427E99B84}.Release|Any CPU.ActiveCfg = Release|Any CPU
		{3B989313-E36F-4A0D-B51B-D13427E99B84}.Release|Any CPU.Build.0 = Release|Any CPU
		{D41E8334-721B-4F1B-B120-09C8C6599644}.Debug|Any CPU.ActiveCfg = Debug|Any CPU
		{D41E8334-721B-4F1B-B120-09C8C6599644}.Debug|Any CPU.Build.0 = Debug|Any CPU
		{D41E8334-721B-4F1B-B120-09C8C6599644}.Release|Any CPU.ActiveCfg = Release|Any CPU
		{D41E8334-721B-4F1B-B120-09C8C6599644}.Release|Any CPU.Build.0 = Release|Any CPU
	EndGlobalSection
	GlobalSection(SolutionProperties) = preSolution
		HideSolutionNode = FALSE
	EndGlobalSection
EndGlobal
